// !$*UTF8*$!
{
	archiveVersion = 1;
	classes = {
	};
	objectVersion = 55;
	objects = {

/* Begin PBXBuildFile section */
		2F9EFD222793E22500AA3A37 /* AppDelegate.swift in Sources */ = {isa = PBXBuildFile; fileRef = 2F9EFD212793E22500AA3A37 /* AppDelegate.swift */; };
		2F9EFD242793E22500AA3A37 /* SceneDelegate.swift in Sources */ = {isa = PBXBuildFile; fileRef = 2F9EFD232793E22500AA3A37 /* SceneDelegate.swift */; };
		2F9EFD292793E22500AA3A37 /* Main.storyboard in Resources */ = {isa = PBXBuildFile; fileRef = 2F9EFD272793E22500AA3A37 /* Main.storyboard */; };
		2F9EFD2B2793E22800AA3A37 /* Assets.xcassets in Resources */ = {isa = PBXBuildFile; fileRef = 2F9EFD2A2793E22800AA3A37 /* Assets.xcassets */; };
		2F9EFD2E2793E22800AA3A37 /* LaunchScreen.storyboard in Resources */ = {isa = PBXBuildFile; fileRef = 2F9EFD2C2793E22800AA3A37 /* LaunchScreen.storyboard */; };
		2F9EFD372793E29200AA3A37 /* UIView+Layout.swift in Sources */ = {isa = PBXBuildFile; fileRef = 2F9EFD362793E29200AA3A37 /* UIView+Layout.swift */; };
		2F9EFD3B2793E92C00AA3A37 /* ErrorStateView.swift in Sources */ = {isa = PBXBuildFile; fileRef = 2F9EFD3A2793E92B00AA3A37 /* ErrorStateView.swift */; };
		2F9EFD3F2793E99300AA3A37 /* ErrorStateView.xib in Resources */ = {isa = PBXBuildFile; fileRef = 2F9EFD3E2793E99300AA3A37 /* ErrorStateView.xib */; };
		2F9EFD412793E9A000AA3A37 /* LoadingStateView.xib in Resources */ = {isa = PBXBuildFile; fileRef = 2F9EFD402793E9A000AA3A37 /* LoadingStateView.xib */; };
		2F9EFD432793EB3000AA3A37 /* LoadingStateView.swift in Sources */ = {isa = PBXBuildFile; fileRef = 2F9EFD422793EB3000AA3A37 /* LoadingStateView.swift */; };
		2F9EFD472793EBDB00AA3A37 /* TrendingViewModel.swift in Sources */ = {isa = PBXBuildFile; fileRef = 2F9EFD462793EBDB00AA3A37 /* TrendingViewModel.swift */; };
		2F9EFD4A2793EE2000AA3A37 /* TrendingViewController.swift in Sources */ = {isa = PBXBuildFile; fileRef = 2F9EFD482793EE2000AA3A37 /* TrendingViewController.swift */; };
		2F9EFD4B2793EE2000AA3A37 /* TrendingViewController.xib in Resources */ = {isa = PBXBuildFile; fileRef = 2F9EFD492793EE2000AA3A37 /* TrendingViewController.xib */; };
		2F9EFD502793F44E00AA3A37 /* TrandingRepoCell.swift in Sources */ = {isa = PBXBuildFile; fileRef = 2F9EFD4E2793F44E00AA3A37 /* TrandingRepoCell.swift */; };
		2F9EFD512793F44E00AA3A37 /* TrandingRepoCell.xib in Resources */ = {isa = PBXBuildFile; fileRef = 2F9EFD4F2793F44E00AA3A37 /* TrandingRepoCell.xib */; };
		2F9EFD542793FA6D00AA3A37 /* Service.swift in Sources */ = {isa = PBXBuildFile; fileRef = 2F9EFD532793FA6D00AA3A37 /* Service.swift */; };
		2F9EFD562793FAB000AA3A37 /* TrendingService.swift in Sources */ = {isa = PBXBuildFile; fileRef = 2F9EFD552793FAB000AA3A37 /* TrendingService.swift */; };
		2F9EFD582793FB9F00AA3A37 /* Endpoint.swift in Sources */ = {isa = PBXBuildFile; fileRef = 2F9EFD572793FB9F00AA3A37 /* Endpoint.swift */; };
		2F9EFD5A2793FBE000AA3A37 /* APIError.swift in Sources */ = {isa = PBXBuildFile; fileRef = 2F9EFD592793FBE000AA3A37 /* APIError.swift */; };
		2F9EFD5D27940AF100AA3A37 /* TrendingRepoModel.swift in Sources */ = {isa = PBXBuildFile; fileRef = 2F9EFD5C27940AF100AA3A37 /* TrendingRepoModel.swift */; };
		2F9EFD5F27940E8B00AA3A37 /* Box.swift in Sources */ = {isa = PBXBuildFile; fileRef = 2F9EFD5E27940E8B00AA3A37 /* Box.swift */; };
		2F9EFD61279413DF00AA3A37 /* Arrays+Extension.swift in Sources */ = {isa = PBXBuildFile; fileRef = 2F9EFD60279413DF00AA3A37 /* Arrays+Extension.swift */; };
		2F9EFD632794368A00AA3A37 /* TrendingViewModelProtocol.swift in Sources */ = {isa = PBXBuildFile; fileRef = 2F9EFD622794368A00AA3A37 /* TrendingViewModelProtocol.swift */; };
		2F9EFD6527943AAD00AA3A37 /* NetworkMonitor.swift in Sources */ = {isa = PBXBuildFile; fileRef = 2F9EFD6427943AAD00AA3A37 /* NetworkMonitor.swift */; };
		519A7723B788B420F6F72698 /* Pods_GetMegaAssignment.framework in Frameworks */ = {isa = PBXBuildFile; fileRef = FCDE330689A545A0DE7FFCDC /* Pods_GetMegaAssignment.framework */; };
/* End PBXBuildFile section */

/* Begin PBXFileReference section */
		2F9EFD1E2793E22500AA3A37 /* GetMegaAssignment.app */ = {isa = PBXFileReference; explicitFileType = wrapper.application; includeInIndex = 0; path = GetMegaAssignment.app; sourceTree = BUILT_PRODUCTS_DIR; };
		2F9EFD212793E22500AA3A37 /* AppDelegate.swift */ = {isa = PBXFileReference; lastKnownFileType = sourcecode.swift; path = AppDelegate.swift; sourceTree = "<group>"; };
		2F9EFD232793E22500AA3A37 /* SceneDelegate.swift */ = {isa = PBXFileReference; lastKnownFileType = sourcecode.swift; path = SceneDelegate.swift; sourceTree = "<group>"; };
		2F9EFD282793E22500AA3A37 /* Base */ = {isa = PBXFileReference; lastKnownFileType = file.storyboard; name = Base; path = Base.lproj/Main.storyboard; sourceTree = "<group>"; };
		2F9EFD2A2793E22800AA3A37 /* Assets.xcassets */ = {isa = PBXFileReference; lastKnownFileType = folder.assetcatalog; path = Assets.xcassets; sourceTree = "<group>"; };
		2F9EFD2D2793E22800AA3A37 /* Base */ = {isa = PBXFileReference; lastKnownFileType = file.storyboard; name = Base; path = Base.lproj/LaunchScreen.storyboard; sourceTree = "<group>"; };
		2F9EFD2F2793E22800AA3A37 /* Info.plist */ = {isa = PBXFileReference; lastKnownFileType = text.plist.xml; path = Info.plist; sourceTree = "<group>"; };
		2F9EFD362793E29200AA3A37 /* UIView+Layout.swift */ = {isa = PBXFileReference; lastKnownFileType = sourcecode.swift; path = "UIView+Layout.swift"; sourceTree = "<group>"; };
		2F9EFD3A2793E92B00AA3A37 /* ErrorStateView.swift */ = {isa = PBXFileReference; fileEncoding = 4; lastKnownFileType = sourcecode.swift; path = ErrorStateView.swift; sourceTree = "<group>"; };
		2F9EFD3E2793E99300AA3A37 /* ErrorStateView.xib */ = {isa = PBXFileReference; fileEncoding = 4; lastKnownFileType = file.xib; path = ErrorStateView.xib; sourceTree = "<group>"; };
		2F9EFD402793E9A000AA3A37 /* LoadingStateView.xib */ = {isa = PBXFileReference; fileEncoding = 4; lastKnownFileType = file.xib; path = LoadingStateView.xib; sourceTree = "<group>"; };
		2F9EFD422793EB3000AA3A37 /* LoadingStateView.swift */ = {isa = PBXFileReference; fileEncoding = 4; lastKnownFileType = sourcecode.swift; path = LoadingStateView.swift; sourceTree = "<group>"; };
		2F9EFD462793EBDB00AA3A37 /* TrendingViewModel.swift */ = {isa = PBXFileReference; lastKnownFileType = sourcecode.swift; path = TrendingViewModel.swift; sourceTree = "<group>"; };
		2F9EFD482793EE2000AA3A37 /* TrendingViewController.swift */ = {isa = PBXFileReference; lastKnownFileType = sourcecode.swift; path = TrendingViewController.swift; sourceTree = "<group>"; };
		2F9EFD492793EE2000AA3A37 /* TrendingViewController.xib */ = {isa = PBXFileReference; lastKnownFileType = file.xib; path = TrendingViewController.xib; sourceTree = "<group>"; };
		2F9EFD4E2793F44E00AA3A37 /* TrandingRepoCell.swift */ = {isa = PBXFileReference; lastKnownFileType = sourcecode.swift; path = TrandingRepoCell.swift; sourceTree = "<group>"; };
		2F9EFD4F2793F44E00AA3A37 /* TrandingRepoCell.xib */ = {isa = PBXFileReference; lastKnownFileType = file.xib; path = TrandingRepoCell.xib; sourceTree = "<group>"; };
		2F9EFD532793FA6D00AA3A37 /* Service.swift */ = {isa = PBXFileReference; lastKnownFileType = sourcecode.swift; path = Service.swift; sourceTree = "<group>"; };
		2F9EFD552793FAB000AA3A37 /* TrendingService.swift */ = {isa = PBXFileReference; lastKnownFileType = sourcecode.swift; path = TrendingService.swift; sourceTree = "<group>"; };
		2F9EFD572793FB9F00AA3A37 /* Endpoint.swift */ = {isa = PBXFileReference; lastKnownFileType = sourcecode.swift; path = Endpoint.swift; sourceTree = "<group>"; };
		2F9EFD592793FBE000AA3A37 /* APIError.swift */ = {isa = PBXFileReference; lastKnownFileType = sourcecode.swift; path = APIError.swift; sourceTree = "<group>"; };
		2F9EFD5C27940AF100AA3A37 /* TrendingRepoModel.swift */ = {isa = PBXFileReference; lastKnownFileType = sourcecode.swift; path = TrendingRepoModel.swift; sourceTree = "<group>"; };
		2F9EFD5E27940E8B00AA3A37 /* Box.swift */ = {isa = PBXFileReference; lastKnownFileType = sourcecode.swift; path = Box.swift; sourceTree = "<group>"; };
		2F9EFD60279413DF00AA3A37 /* Arrays+Extension.swift */ = {isa = PBXFileReference; lastKnownFileType = sourcecode.swift; path = "Arrays+Extension.swift"; sourceTree = "<group>"; };
		2F9EFD622794368A00AA3A37 /* TrendingViewModelProtocol.swift */ = {isa = PBXFileReference; lastKnownFileType = sourcecode.swift; path = TrendingViewModelProtocol.swift; sourceTree = "<group>"; };
		2F9EFD6427943AAD00AA3A37 /* NetworkMonitor.swift */ = {isa = PBXFileReference; lastKnownFileType = sourcecode.swift; path = NetworkMonitor.swift; sourceTree = "<group>"; };
		30519E7AD2D11BF22B4A87B9 /* Pods-GetMegaAssignment.release.xcconfig */ = {isa = PBXFileReference; includeInIndex = 1; lastKnownFileType = text.xcconfig; name = "Pods-GetMegaAssignment.release.xcconfig"; path = "Target Support Files/Pods-GetMegaAssignment/Pods-GetMegaAssignment.release.xcconfig"; sourceTree = "<group>"; };
		FCDE330689A545A0DE7FFCDC /* Pods_GetMegaAssignment.framework */ = {isa = PBXFileReference; explicitFileType = wrapper.framework; includeInIndex = 0; path = Pods_GetMegaAssignment.framework; sourceTree = BUILT_PRODUCTS_DIR; };
		FF0F3479F20BF10E89054645 /* Pods-GetMegaAssignment.debug.xcconfig */ = {isa = PBXFileReference; includeInIndex = 1; lastKnownFileType = text.xcconfig; name = "Pods-GetMegaAssignment.debug.xcconfig"; path = "Target Support Files/Pods-GetMegaAssignment/Pods-GetMegaAssignment.debug.xcconfig"; sourceTree = "<group>"; };
/* End PBXFileReference section */

/* Begin PBXFrameworksBuildPhase section */
		2F9EFD1B2793E22500AA3A37 /* Frameworks */ = {
			isa = PBXFrameworksBuildPhase;
			buildActionMask = 2147483647;
			files = (
				519A7723B788B420F6F72698 /* Pods_GetMegaAssignment.framework in Frameworks */,
			);
			runOnlyForDeploymentPostprocessing = 0;
		};
/* End PBXFrameworksBuildPhase section */

/* Begin PBXGroup section */
		2F9EFD152793E22500AA3A37 = {
			isa = PBXGroup;
			children = (
				2F9EFD202793E22500AA3A37 /* GetMegaAssignment */,
				2F9EFD1F2793E22500AA3A37 /* Products */,
				E63B5BF9AFE09F62CCCE033F /* Pods */,
				8E127AB48B4C6991F8CC8309 /* Frameworks */,
			);
			sourceTree = "<group>";
		};
		2F9EFD1F2793E22500AA3A37 /* Products */ = {
			isa = PBXGroup;
			children = (
				2F9EFD1E2793E22500AA3A37 /* GetMegaAssignment.app */,
			);
			name = Products;
			sourceTree = "<group>";
		};
		2F9EFD202793E22500AA3A37 /* GetMegaAssignment */ = {
			isa = PBXGroup;
			children = (
				2F9EFD522793FA5F00AA3A37 /* service */,
				2F9EFD442793EB7D00AA3A37 /* VCs */,
				2F9EFD392793E91F00AA3A37 /* uis */,
				2F9EFD382793E88400AA3A37 /* xib */,
				2F9EFD352793E27F00AA3A37 /* utils */,
				2F9EFD212793E22500AA3A37 /* AppDelegate.swift */,
				2F9EFD232793E22500AA3A37 /* SceneDelegate.swift */,
				2F9EFD272793E22500AA3A37 /* Main.storyboard */,
				2F9EFD2A2793E22800AA3A37 /* Assets.xcassets */,
				2F9EFD2C2793E22800AA3A37 /* LaunchScreen.storyboard */,
				2F9EFD2F2793E22800AA3A37 /* Info.plist */,
			);
			path = GetMegaAssignment;
			sourceTree = "<group>";
		};
		2F9EFD352793E27F00AA3A37 /* utils */ = {
			isa = PBXGroup;
			children = (
				2F9EFD362793E29200AA3A37 /* UIView+Layout.swift */,
				2F9EFD5E27940E8B00AA3A37 /* Box.swift */,
				2F9EFD60279413DF00AA3A37 /* Arrays+Extension.swift */,
				2F9EFD6427943AAD00AA3A37 /* NetworkMonitor.swift */,
			);
			path = utils;
			sourceTree = "<group>";
		};
		2F9EFD382793E88400AA3A37 /* xib */ = {
			isa = PBXGroup;
			children = (
				2F9EFD4F2793F44E00AA3A37 /* TrandingRepoCell.xib */,
				2F9EFD492793EE2000AA3A37 /* TrendingViewController.xib */,
				2F9EFD3E2793E99300AA3A37 /* ErrorStateView.xib */,
				2F9EFD402793E9A000AA3A37 /* LoadingStateView.xib */,
			);
			path = xib;
			sourceTree = "<group>";
		};
		2F9EFD392793E91F00AA3A37 /* uis */ = {
			isa = PBXGroup;
			children = (
				2F9EFD3A2793E92B00AA3A37 /* ErrorStateView.swift */,
				2F9EFD422793EB3000AA3A37 /* LoadingStateView.swift */,
			);
			path = uis;
			sourceTree = "<group>";
		};
		2F9EFD442793EB7D00AA3A37 /* VCs */ = {
			isa = PBXGroup;
			children = (
				2F9EFD452793EB8900AA3A37 /* Trending */,
			);
			path = VCs;
			sourceTree = "<group>";
		};
		2F9EFD452793EB8900AA3A37 /* Trending */ = {
			isa = PBXGroup;
			children = (
				2F9EFD5B27940AE000AA3A37 /* model */,
				2F9EFD4D2793F24800AA3A37 /* cells */,
				2F9EFD462793EBDB00AA3A37 /* TrendingViewModel.swift */,
				2F9EFD622794368A00AA3A37 /* TrendingViewModelProtocol.swift */,
				2F9EFD482793EE2000AA3A37 /* TrendingViewController.swift */,
			);
			path = Trending;
			sourceTree = "<group>";
		};
		2F9EFD4D2793F24800AA3A37 /* cells */ = {
			isa = PBXGroup;
			children = (
				2F9EFD4E2793F44E00AA3A37 /* TrandingRepoCell.swift */,
			);
			path = cells;
			sourceTree = "<group>";
		};
		2F9EFD522793FA5F00AA3A37 /* service */ = {
			isa = PBXGroup;
			children = (
				2F9EFD532793FA6D00AA3A37 /* Service.swift */,
				2F9EFD552793FAB000AA3A37 /* TrendingService.swift */,
				2F9EFD572793FB9F00AA3A37 /* Endpoint.swift */,
				2F9EFD592793FBE000AA3A37 /* APIError.swift */,
			);
			path = service;
			sourceTree = "<group>";
		};
		2F9EFD5B27940AE000AA3A37 /* model */ = {
			isa = PBXGroup;
			children = (
				2F9EFD5C27940AF100AA3A37 /* TrendingRepoModel.swift */,
			);
			path = model;
			sourceTree = "<group>";
		};
		8E127AB48B4C6991F8CC8309 /* Frameworks */ = {
			isa = PBXGroup;
			children = (
				FCDE330689A545A0DE7FFCDC /* Pods_GetMegaAssignment.framework */,
			);
			name = Frameworks;
			sourceTree = "<group>";
		};
		E63B5BF9AFE09F62CCCE033F /* Pods */ = {
			isa = PBXGroup;
			children = (
				FF0F3479F20BF10E89054645 /* Pods-GetMegaAssignment.debug.xcconfig */,
				30519E7AD2D11BF22B4A87B9 /* Pods-GetMegaAssignment.release.xcconfig */,
			);
			path = Pods;
			sourceTree = "<group>";
		};
/* End PBXGroup section */

/* Begin PBXNativeTarget section */
		2F9EFD1D2793E22500AA3A37 /* GetMegaAssignment */ = {
			isa = PBXNativeTarget;
			buildConfigurationList = 2F9EFD322793E22800AA3A37 /* Build configuration list for PBXNativeTarget "GetMegaAssignment" */;
			buildPhases = (
				5E248238D7BB325BC840B685 /* [CP] Check Pods Manifest.lock */,
				2F9EFD1A2793E22500AA3A37 /* Sources */,
				2F9EFD1B2793E22500AA3A37 /* Frameworks */,
				2F9EFD1C2793E22500AA3A37 /* Resources */,
				5B457A73642515269511BB5B /* [CP] Embed Pods Frameworks */,
			);
			buildRules = (
			);
			dependencies = (
			);
			name = GetMegaAssignment;
			productName = GetMegaAssignment;
			productReference = 2F9EFD1E2793E22500AA3A37 /* GetMegaAssignment.app */;
			productType = "com.apple.product-type.application";
		};
/* End PBXNativeTarget section */

/* Begin PBXProject section */
		2F9EFD162793E22500AA3A37 /* Project object */ = {
			isa = PBXProject;
			attributes = {
				BuildIndependentTargetsInParallel = 1;
				LastSwiftUpdateCheck = 1310;
				LastUpgradeCheck = 1310;
				TargetAttributes = {
					2F9EFD1D2793E22500AA3A37 = {
						CreatedOnToolsVersion = 13.1;
					};
				};
			};
			buildConfigurationList = 2F9EFD192793E22500AA3A37 /* Build configuration list for PBXProject "GetMegaAssignment" */;
			compatibilityVersion = "Xcode 13.0";
			developmentRegion = en;
			hasScannedForEncodings = 0;
			knownRegions = (
				en,
				Base,
			);
			mainGroup = 2F9EFD152793E22500AA3A37;
			productRefGroup = 2F9EFD1F2793E22500AA3A37 /* Products */;
			projectDirPath = "";
			projectRoot = "";
			targets = (
				2F9EFD1D2793E22500AA3A37 /* GetMegaAssignment */,
			);
		};
/* End PBXProject section */

/* Begin PBXResourcesBuildPhase section */
		2F9EFD1C2793E22500AA3A37 /* Resources */ = {
			isa = PBXResourcesBuildPhase;
			buildActionMask = 2147483647;
			files = (
				2F9EFD2E2793E22800AA3A37 /* LaunchScreen.storyboard in Resources */,
				2F9EFD412793E9A000AA3A37 /* LoadingStateView.xib in Resources */,
				2F9EFD512793F44E00AA3A37 /* TrandingRepoCell.xib in Resources */,
				2F9EFD3F2793E99300AA3A37 /* ErrorStateView.xib in Resources */,
				2F9EFD2B2793E22800AA3A37 /* Assets.xcassets in Resources */,
				2F9EFD292793E22500AA3A37 /* Main.storyboard in Resources */,
				2F9EFD4B2793EE2000AA3A37 /* TrendingViewController.xib in Resources */,
			);
			runOnlyForDeploymentPostprocessing = 0;
		};
/* End PBXResourcesBuildPhase section */

/* Begin PBXShellScriptBuildPhase section */
		5B457A73642515269511BB5B /* [CP] Embed Pods Frameworks */ = {
			isa = PBXShellScriptBuildPhase;
			buildActionMask = 2147483647;
			files = (
			);
			inputFileListPaths = (
				"${PODS_ROOT}/Target Support Files/Pods-GetMegaAssignment/Pods-GetMegaAssignment-frameworks-${CONFIGURATION}-input-files.xcfilelist",
			);
			name = "[CP] Embed Pods Frameworks";
			outputFileListPaths = (
				"${PODS_ROOT}/Target Support Files/Pods-GetMegaAssignment/Pods-GetMegaAssignment-frameworks-${CONFIGURATION}-output-files.xcfilelist",
			);
			runOnlyForDeploymentPostprocessing = 0;
			shellPath = /bin/sh;
			shellScript = "\"${PODS_ROOT}/Target Support Files/Pods-GetMegaAssignment/Pods-GetMegaAssignment-frameworks.sh\"\n";
			showEnvVarsInLog = 0;
		};
		5E248238D7BB325BC840B685 /* [CP] Check Pods Manifest.lock */ = {
			isa = PBXShellScriptBuildPhase;
			buildActionMask = 2147483647;
			files = (
			);
			inputFileListPaths = (
			);
			inputPaths = (
				"${PODS_PODFILE_DIR_PATH}/Podfile.lock",
				"${PODS_ROOT}/Manifest.lock",
			);
			name = "[CP] Check Pods Manifest.lock";
			outputFileListPaths = (
			);
			outputPaths = (
				"$(DERIVED_FILE_DIR)/Pods-GetMegaAssignment-checkManifestLockResult.txt",
			);
			runOnlyForDeploymentPostprocessing = 0;
			shellPath = /bin/sh;
			shellScript = "diff \"${PODS_PODFILE_DIR_PATH}/Podfile.lock\" \"${PODS_ROOT}/Manifest.lock\" > /dev/null\nif [ $? != 0 ] ; then\n    # print error to STDERR\n    echo \"error: The sandbox is not in sync with the Podfile.lock. Run 'pod install' or update your CocoaPods installation.\" >&2\n    exit 1\nfi\n# This output is used by Xcode 'outputs' to avoid re-running this script phase.\necho \"SUCCESS\" > \"${SCRIPT_OUTPUT_FILE_0}\"\n";
			showEnvVarsInLog = 0;
		};
/* End PBXShellScriptBuildPhase section */

/* Begin PBXSourcesBuildPhase section */
		2F9EFD1A2793E22500AA3A37 /* Sources */ = {
			isa = PBXSourcesBuildPhase;
			buildActionMask = 2147483647;
			files = (
				2F9EFD4A2793EE2000AA3A37 /* TrendingViewController.swift in Sources */,
				2F9EFD5F27940E8B00AA3A37 /* Box.swift in Sources */,
				2F9EFD222793E22500AA3A37 /* AppDelegate.swift in Sources */,
				2F9EFD372793E29200AA3A37 /* UIView+Layout.swift in Sources */,
				2F9EFD432793EB3000AA3A37 /* LoadingStateView.swift in Sources */,
				2F9EFD472793EBDB00AA3A37 /* TrendingViewModel.swift in Sources */,
				2F9EFD632794368A00AA3A37 /* TrendingViewModelProtocol.swift in Sources */,
				2F9EFD5A2793FBE000AA3A37 /* APIError.swift in Sources */,
				2F9EFD6527943AAD00AA3A37 /* NetworkMonitor.swift in Sources */,
				2F9EFD542793FA6D00AA3A37 /* Service.swift in Sources */,
				2F9EFD61279413DF00AA3A37 /* Arrays+Extension.swift in Sources */,
				2F9EFD242793E22500AA3A37 /* SceneDelegate.swift in Sources */,
				2F9EFD502793F44E00AA3A37 /* TrandingRepoCell.swift in Sources */,
				2F9EFD5D27940AF100AA3A37 /* TrendingRepoModel.swift in Sources */,
				2F9EFD3B2793E92C00AA3A37 /* ErrorStateView.swift in Sources */,
				2F9EFD582793FB9F00AA3A37 /* Endpoint.swift in Sources */,
				2F9EFD562793FAB000AA3A37 /* TrendingService.swift in Sources */,
			);
			runOnlyForDeploymentPostprocessing = 0;
		};
/* End PBXSourcesBuildPhase section */

/* Begin PBXVariantGroup section */
		2F9EFD272793E22500AA3A37 /* Main.storyboard */ = {
			isa = PBXVariantGroup;
			children = (
				2F9EFD282793E22500AA3A37 /* Base */,
			);
			name = Main.storyboard;
			sourceTree = "<group>";
		};
		2F9EFD2C2793E22800AA3A37 /* LaunchScreen.storyboard */ = {
			isa = PBXVariantGroup;
			children = (
				2F9EFD2D2793E22800AA3A37 /* Base */,
			);
			name = LaunchScreen.storyboard;
			sourceTree = "<group>";
		};
/* End PBXVariantGroup section */

/* Begin XCBuildConfiguration section */
		2F9EFD302793E22800AA3A37 /* Debug */ = {
			isa = XCBuildConfiguration;
			buildSettings = {
				ALWAYS_SEARCH_USER_PATHS = NO;
				CLANG_ANALYZER_NONNULL = YES;
				CLANG_ANALYZER_NUMBER_OBJECT_CONVERSION = YES_AGGRESSIVE;
				CLANG_CXX_LANGUAGE_STANDARD = "gnu++17";
				CLANG_CXX_LIBRARY = "libc++";
				CLANG_ENABLE_MODULES = YES;
				CLANG_ENABLE_OBJC_ARC = YES;
				CLANG_ENABLE_OBJC_WEAK = YES;
				CLANG_WARN_BLOCK_CAPTURE_AUTORELEASING = YES;
				CLANG_WARN_BOOL_CONVERSION = YES;
				CLANG_WARN_COMMA = YES;
				CLANG_WARN_CONSTANT_CONVERSION = YES;
				CLANG_WARN_DEPRECATED_OBJC_IMPLEMENTATIONS = YES;
				CLANG_WARN_DIRECT_OBJC_ISA_USAGE = YES_ERROR;
				CLANG_WARN_DOCUMENTATION_COMMENTS = YES;
				CLANG_WARN_EMPTY_BODY = YES;
				CLANG_WARN_ENUM_CONVERSION = YES;
				CLANG_WARN_INFINITE_RECURSION = YES;
				CLANG_WARN_INT_CONVERSION = YES;
				CLANG_WARN_NON_LITERAL_NULL_CONVERSION = YES;
				CLANG_WARN_OBJC_IMPLICIT_RETAIN_SELF = YES;
				CLANG_WARN_OBJC_LITERAL_CONVERSION = YES;
				CLANG_WARN_OBJC_ROOT_CLASS = YES_ERROR;
				CLANG_WARN_QUOTED_INCLUDE_IN_FRAMEWORK_HEADER = YES;
				CLANG_WARN_RANGE_LOOP_ANALYSIS = YES;
				CLANG_WARN_STRICT_PROTOTYPES = YES;
				CLANG_WARN_SUSPICIOUS_MOVE = YES;
				CLANG_WARN_UNGUARDED_AVAILABILITY = YES_AGGRESSIVE;
				CLANG_WARN_UNREACHABLE_CODE = YES;
				CLANG_WARN__DUPLICATE_METHOD_MATCH = YES;
				COPY_PHASE_STRIP = NO;
				DEBUG_INFORMATION_FORMAT = dwarf;
				ENABLE_STRICT_OBJC_MSGSEND = YES;
				ENABLE_TESTABILITY = YES;
				GCC_C_LANGUAGE_STANDARD = gnu11;
				GCC_DYNAMIC_NO_PIC = NO;
				GCC_NO_COMMON_BLOCKS = YES;
				GCC_OPTIMIZATION_LEVEL = 0;
				GCC_PREPROCESSOR_DEFINITIONS = (
					"DEBUG=1",
					"$(inherited)",
				);
				GCC_WARN_64_TO_32_BIT_CONVERSION = YES;
				GCC_WARN_ABOUT_RETURN_TYPE = YES_ERROR;
				GCC_WARN_UNDECLARED_SELECTOR = YES;
				GCC_WARN_UNINITIALIZED_AUTOS = YES_AGGRESSIVE;
				GCC_WARN_UNUSED_FUNCTION = YES;
				GCC_WARN_UNUSED_VARIABLE = YES;
				IPHONEOS_DEPLOYMENT_TARGET = 15.0;
				MTL_ENABLE_DEBUG_INFO = INCLUDE_SOURCE;
				MTL_FAST_MATH = YES;
				ONLY_ACTIVE_ARCH = YES;
				SDKROOT = iphoneos;
				SWIFT_ACTIVE_COMPILATION_CONDITIONS = DEBUG;
				SWIFT_OPTIMIZATION_LEVEL = "-Onone";
			};
			name = Debug;
		};
		2F9EFD312793E22800AA3A37 /* Release */ = {
			isa = XCBuildConfiguration;
			buildSettings = {
				ALWAYS_SEARCH_USER_PATHS = NO;
				CLANG_ANALYZER_NONNULL = YES;
				CLANG_ANALYZER_NUMBER_OBJECT_CONVERSION = YES_AGGRESSIVE;
				CLANG_CXX_LANGUAGE_STANDARD = "gnu++17";
				CLANG_CXX_LIBRARY = "libc++";
				CLANG_ENABLE_MODULES = YES;
				CLANG_ENABLE_OBJC_ARC = YES;
				CLANG_ENABLE_OBJC_WEAK = YES;
				CLANG_WARN_BLOCK_CAPTURE_AUTORELEASING = YES;
				CLANG_WARN_BOOL_CONVERSION = YES;
				CLANG_WARN_COMMA = YES;
				CLANG_WARN_CONSTANT_CONVERSION = YES;
				CLANG_WARN_DEPRECATED_OBJC_IMPLEMENTATIONS = YES;
				CLANG_WARN_DIRECT_OBJC_ISA_USAGE = YES_ERROR;
				CLANG_WARN_DOCUMENTATION_COMMENTS = YES;
				CLANG_WARN_EMPTY_BODY = YES;
				CLANG_WARN_ENUM_CONVERSION = YES;
				CLANG_WARN_INFINITE_RECURSION = YES;
				CLANG_WARN_INT_CONVERSION = YES;
				CLANG_WARN_NON_LITERAL_NULL_CONVERSION = YES;
				CLANG_WARN_OBJC_IMPLICIT_RETAIN_SELF = YES;
				CLANG_WARN_OBJC_LITERAL_CONVERSION = YES;
				CLANG_WARN_OBJC_ROOT_CLASS = YES_ERROR;
				CLANG_WARN_QUOTED_INCLUDE_IN_FRAMEWORK_HEADER = YES;
				CLANG_WARN_RANGE_LOOP_ANALYSIS = YES;
				CLANG_WARN_STRICT_PROTOTYPES = YES;
				CLANG_WARN_SUSPICIOUS_MOVE = YES;
				CLANG_WARN_UNGUARDED_AVAILABILITY = YES_AGGRESSIVE;
				CLANG_WARN_UNREACHABLE_CODE = YES;
				CLANG_WARN__DUPLICATE_METHOD_MATCH = YES;
				COPY_PHASE_STRIP = NO;
				DEBUG_INFORMATION_FORMAT = "dwarf-with-dsym";
				ENABLE_NS_ASSERTIONS = NO;
				ENABLE_STRICT_OBJC_MSGSEND = YES;
				GCC_C_LANGUAGE_STANDARD = gnu11;
				GCC_NO_COMMON_BLOCKS = YES;
				GCC_WARN_64_TO_32_BIT_CONVERSION = YES;
				GCC_WARN_ABOUT_RETURN_TYPE = YES_ERROR;
				GCC_WARN_UNDECLARED_SELECTOR = YES;
				GCC_WARN_UNINITIALIZED_AUTOS = YES_AGGRESSIVE;
				GCC_WARN_UNUSED_FUNCTION = YES;
				GCC_WARN_UNUSED_VARIABLE = YES;
				IPHONEOS_DEPLOYMENT_TARGET = 15.0;
				MTL_ENABLE_DEBUG_INFO = NO;
				MTL_FAST_MATH = YES;
				SDKROOT = iphoneos;
				SWIFT_COMPILATION_MODE = wholemodule;
				SWIFT_OPTIMIZATION_LEVEL = "-O";
				VALIDATE_PRODUCT = YES;
			};
			name = Release;
		};
		2F9EFD332793E22800AA3A37 /* Debug */ = {
			isa = XCBuildConfiguration;
			baseConfigurationReference = FF0F3479F20BF10E89054645 /* Pods-GetMegaAssignment.debug.xcconfig */;
			buildSettings = {
				ASSETCATALOG_COMPILER_APPICON_NAME = AppIcon;
				ASSETCATALOG_COMPILER_GLOBAL_ACCENT_COLOR_NAME = AccentColor;
				CODE_SIGN_STYLE = Automatic;
				CURRENT_PROJECT_VERSION = 1;
				DEVELOPMENT_TEAM = JNJ8WC5B56;
				GENERATE_INFOPLIST_FILE = YES;
				INFOPLIST_FILE = GetMegaAssignment/Info.plist;
				INFOPLIST_KEY_NSMainNibFile = Main;
				INFOPLIST_KEY_UIApplicationSupportsIndirectInputEvents = YES;
				INFOPLIST_KEY_UILaunchStoryboardName = LaunchScreen;
				INFOPLIST_KEY_UISupportedInterfaceOrientations = "UIInterfaceOrientationPortrait UIInterfaceOrientationLandscapeLeft UIInterfaceOrientationLandscapeRight";
				INFOPLIST_KEY_UISupportedInterfaceOrientations_iPad = "UIInterfaceOrientationPortrait UIInterfaceOrientationPortraitUpsideDown UIInterfaceOrientationLandscapeLeft UIInterfaceOrientationLandscapeRight";
				INFOPLIST_KEY_UISupportedInterfaceOrientations_iPhone = "UIInterfaceOrientationPortrait UIInterfaceOrientationLandscapeLeft UIInterfaceOrientationLandscapeRight";
				LD_RUNPATH_SEARCH_PATHS = (
					"$(inherited)",
					"@executable_path/Frameworks",
				);
				MARKETING_VERSION = 1.0;
				PRODUCT_BUNDLE_IDENTIFIER = com.sanketkumar.GetMegaAssignment;
				PRODUCT_NAME = "$(TARGET_NAME)";
				SWIFT_EMIT_LOC_STRINGS = YES;
				SWIFT_VERSION = 5.0;
				TARGETED_DEVICE_FAMILY = "1,2";
			};
			name = Debug;
		};
		2F9EFD342793E22800AA3A37 /* Release */ = {
			isa = XCBuildConfiguration;
			baseConfigurationReference = 30519E7AD2D11BF22B4A87B9 /* Pods-GetMegaAssignment.release.xcconfig */;
			buildSettings = {
				ASSETCATALOG_COMPILER_APPICON_NAME = AppIcon;
				ASSETCATALOG_COMPILER_GLOBAL_ACCENT_COLOR_NAME = AccentColor;
				CODE_SIGN_STYLE = Automatic;
				CURRENT_PROJECT_VERSION = 1;
				DEVELOPMENT_TEAM = JNJ8WC5B56;
				GENERATE_INFOPLIST_FILE = YES;
				INFOPLIST_FILE = GetMegaAssignment/Info.plist;
				INFOPLIST_KEY_NSMainNibFile = Main;
				INFOPLIST_KEY_UIApplicationSupportsIndirectInputEvents = YES;
				INFOPLIST_KEY_UILaunchStoryboardName = LaunchScreen;
				INFOPLIST_KEY_UISupportedInterfaceOrientations = "UIInterfaceOrientationPortrait UIInterfaceOrientationLandscapeLeft UIInterfaceOrientationLandscapeRight";
				INFOPLIST_KEY_UISupportedInterfaceOrientations_iPad = "UIInterfaceOrientationPortrait UIInterfaceOrientationPortraitUpsideDown UIInterfaceOrientationLandscapeLeft UIInterfaceOrientationLandscapeRight";
				INFOPLIST_KEY_UISupportedInterfaceOrientations_iPhone = "UIInterfaceOrientationPortrait UIInterfaceOrientationLandscapeLeft UIInterfaceOrientationLandscapeRight";
				LD_RUNPATH_SEARCH_PATHS = (
					"$(inherited)",
					"@executable_path/Frameworks",
				);
				MARKETING_VERSION = 1.0;
				PRODUCT_BUNDLE_IDENTIFIER = com.sanketkumar.GetMegaAssignment;
				PRODUCT_NAME = "$(TARGET_NAME)";
				SWIFT_EMIT_LOC_STRINGS = YES;
				SWIFT_VERSION = 5.0;
				TARGETED_DEVICE_FAMILY = "1,2";
			};
			name = Release;
		};
/* End XCBuildConfiguration section */

/* Begin XCConfigurationList section */
		2F9EFD192793E22500AA3A37 /* Build configuration list for PBXProject "GetMegaAssignment" */ = {
			isa = XCConfigurationList;
			buildConfigurations = (
				2F9EFD302793E22800AA3A37 /* Debug */,
				2F9EFD312793E22800AA3A37 /* Release */,
			);
			defaultConfigurationIsVisible = 0;
			defaultConfigurationName = Release;
		};
		2F9EFD322793E22800AA3A37 /* Build configuration list for PBXNativeTarget "GetMegaAssignment" */ = {
			isa = XCConfigurationList;
			buildConfigurations = (
				2F9EFD332793E22800AA3A37 /* Debug */,
				2F9EFD342793E22800AA3A37 /* Release */,
			);
			defaultConfigurationIsVisible = 0;
			defaultConfigurationName = Release;
		};
/* End XCConfigurationList section */
	};
	rootObject = 2F9EFD162793E22500AA3A37 /* Project object */;
}
